PODS:
  - Alamofire (4.3.0)
  - Crashlytics (3.8.3):
    - Fabric (~> 1.6.3)
  - Fabric (1.6.11)
  - NVActivityIndicatorView (3.4)
  - ObjectMapper (2.2.2)
  - SDWebImage (3.8.2):
    - SDWebImage/Core (= 3.8.2)
  - SDWebImage/Core (3.8.2)
  - XLPagerTabStrip (7.0.0)

DEPENDENCIES:
  - Alamofire (~> 4.0)
  - Crashlytics
  - Fabric
  - NVActivityIndicatorView
  - ObjectMapper (~> 2.2)
  - SDWebImage (~> 3.8)
  - XLPagerTabStrip

SPEC CHECKSUMS:
  Alamofire: 856a113053a7bc9cbe5d6367a555d773fc5cfef7
  Crashlytics: 2b6dbe138a42395577cfa73dfa1aa7248cadf39e
  Fabric: 5911403591946b8228ab1c51d98f1d7137e863c6
  NVActivityIndicatorView: 5754be63ceecd1df8af37d3c088d81872feeb8b8
  ObjectMapper: 9e385c2295bcc4e16eabbcfc85db801442bba545
  SDWebImage: 098e97e6176540799c27e804c96653ee0833d13c
  XLPagerTabStrip: 9be80a66c6b7d60306b2c0a6004965016d68f813

PODFILE CHECKSUM: 15de81ad60e7fbbefc3f868e7ff417ef2d93006b

COCOAPODS: 1.1.1
